# This file is generated by running "yarn install" inside your project.
# Manual changes might be lost - proceed with caution!

__metadata:
  version: 4
  cacheKey: 8

"@discordjs/builders@npm:^0.10.0":
  version: 0.10.0
  resolution: "@discordjs/builders@npm:0.10.0"
  dependencies:
    "@sindresorhus/is": ^4.2.0
    discord-api-types: ^0.25.2
    ts-mixer: ^6.0.0
    tslib: ^2.3.1
    zod: ^3.11.6
  checksum: 8195f519f28587dee05d9b975c19357c40623d17dc4ced01db11d24faab16969743c40d7cfb959ccb78ffb525c6d03f4f9c821dd712fef57bdd609b53add8727
  languageName: node
  linkType: hard

"@discordjs/builders@npm:^0.11.0":
  version: 0.11.0
  resolution: "@discordjs/builders@npm:0.11.0"
  dependencies:
    "@sindresorhus/is": ^4.2.0
    discord-api-types: ^0.26.0
    ts-mixer: ^6.0.0
    tslib: ^2.3.1
    zod: ^3.11.6
  checksum: 7a25b59bb52d2e3695bca27946a99cf2de95b7edd5be424ea9f4707a465524be21263e25e532e12438e99f9f55fb98b033885c760aeb96424b8c12f663f50760
  languageName: node
  linkType: hard

"@discordjs/collection@npm:^0.3.2":
  version: 0.3.2
  resolution: "@discordjs/collection@npm:0.3.2"
  checksum: 77def13598fce0f33cdd1e45e0e57b4452a1fa348e30d7d3a3b5a56409def4c4785462828b163aea83d659b93412d5dc18c22c85eff499dfc11c24011e8b18e6
  languageName: node
  linkType: hard

"@discordjs/collection@npm:^0.4.0":
  version: 0.4.0
  resolution: "@discordjs/collection@npm:0.4.0"
  checksum: fa8fc4246921f3230eb6c5d6d4dc0caf9dd659fcc903175944edf4fb0a9ed9913fdf164733d3f1e644ef469bc79b0d38a526ee620b92169cb40e79b40b0c716b
  languageName: node
  linkType: hard

"@discordjs/rest@npm:^0.2.0-canary.0":
  version: 0.2.0-canary.0
  resolution: "@discordjs/rest@npm:0.2.0-canary.0"
  dependencies:
    "@discordjs/collection": ^0.3.2
    "@sapphire/async-queue": ^1.1.9
    "@sapphire/snowflake": ^3.0.0
    discord-api-types: ^0.25.2
    form-data: ^4.0.0
    node-fetch: ^2.6.5
    tslib: ^2.3.1
  checksum: 915c0e61b225c887519091629b92adebeb74ce6f675c60f7e37df1be0815d037643def215ddc6a8549d31e908fbe1d6b200f51e4b2da0d8c9447003fd1c6ced3
  languageName: node
  linkType: hard

"@jpbberry/typed-emitter@npm:^1.0.1":
  version: 1.2.1
  resolution: "@jpbberry/typed-emitter@npm:1.2.1"
  checksum: ff7821a82681931c6e536959a896eadbd773b6d9dfa26a1b47c4a8d294c84843b48a2dcd69144d950d676d8943b272f56ab4ca911bd87fb48e3aa59aad9056f5
  languageName: node
  linkType: hard

"@sapphire/async-queue@npm:^1.1.9":
  version: 1.1.9
  resolution: "@sapphire/async-queue@npm:1.1.9"
  checksum: 8a4cb79e01948ee9f99f47e9fdfdfd509353d267f9e18bb8fe8e813b5d45f1fb6de08297b4557eb9a76b95bea59abaab67819175238068cc4cbc808d1d183e9d
  languageName: node
  linkType: hard

"@sapphire/snowflake@npm:^3.0.0":
  version: 3.0.0
  resolution: "@sapphire/snowflake@npm:3.0.0"
  checksum: 1b5aa886f2f4372984f7b04b4fc5c14b9088dc291a5012a9e9f97d46dd590d4a6fa080e15d58d42aa7dc4ec51ed6bcaadac925f4613d8070d4fc32c7dc874115
  languageName: node
  linkType: hard

"@sindresorhus/is@npm:^4.2.0":
  version: 4.2.0
  resolution: "@sindresorhus/is@npm:4.2.0"
  checksum: 59040dfb75c2eb6ab76e8c7ac10b7f7f6ba740f0b5ac618a89a8bcdbaf923836a8e998078d59d81f6f13f4b6bbe15bfe1bca962c877edcbe9160d1c100c56fd7
  languageName: node
  linkType: hard

"@top-gg/sdk@npm:^3.1.3":
  version: 3.1.3
  resolution: "@top-gg/sdk@npm:3.1.3"
  dependencies:
    node-fetch: ^2.6.1
    raw-body: ^2.4.1
  checksum: ea271f3b1944fda07abe363288a09f5499c860b33d012269482307b1d26a9467b4d37f5cd45270ab8c8d231b7870595dd2895e88d579eba99315e3cf43f55729
  languageName: node
  linkType: hard

"@types/node-fetch@npm:^2.5.12":
  version: 2.5.12
  resolution: "@types/node-fetch@npm:2.5.12"
  dependencies:
    "@types/node": "*"
    form-data: ^3.0.0
  checksum: ad63c85ba6a9477b8e057ec8682257738130d98e8ece4e31141789bd99df9d9147985cc8bc0cb5c8983ed5aa6bb95d46df23d1e055f4ad5cf8b82fc69cf626c7
  languageName: node
  linkType: hard

"@types/node@npm:*":
  version: 17.0.4
  resolution: "@types/node@npm:17.0.4"
  checksum: 92e6a25fea2314cd34e81962bd07c8b79b92cae04d84a0336a8c49a2b8aa4c34ff8cb428baeac2022daf597809bd3b7987c624b07a91c4d01b6230f82c293190
  languageName: node
  linkType: hard

"@types/webidl-conversions@npm:*":
  version: 6.1.1
  resolution: "@types/webidl-conversions@npm:6.1.1"
  checksum: bd0faad4dfec232010d96a42fbd7b5ac4df557899050a6676a75d30ced8553f19e5a3c747fd2b4317f2810d4cf5d2d6dd47ad22ecfb9e6b21119aba678b8897f
  languageName: node
  linkType: hard

"@types/whatwg-url@npm:^8.2.1":
  version: 8.2.1
  resolution: "@types/whatwg-url@npm:8.2.1"
  dependencies:
    "@types/node": "*"
    "@types/webidl-conversions": "*"
  checksum: 975987a9ca14a8d5a883523acb4fa0df7760cd8ca8dee56cd57753821e56060bfbead94df84f4504fe0b4270776d81cbb40fcd1f8643dab86da3a9abe926fb5c
  languageName: node
  linkType: hard

"@types/ws@npm:^8.2.2":
  version: 8.2.2
  resolution: "@types/ws@npm:8.2.2"
  dependencies:
    "@types/node": "*"
  checksum: 308957864b9a5a0378ac82f1b084fa31b1bbe85106fb0d84ed2b392e4829404f21ab6ab2c1eb782d556e59cd33d57c75ad2d0cedc4b9b9d0ca3b2311bc915578
  languageName: node
  linkType: hard

"ansi-styles@npm:^4.1.0":
  version: 4.3.0
  resolution: "ansi-styles@npm:4.3.0"
  dependencies:
    color-convert: ^2.0.1
  checksum: 513b44c3b2105dd14cc42a19271e80f386466c4be574bccf60b627432f9198571ebf4ab1e4c3ba17347658f4ee1711c163d574248c0c1cdc2d5917a0ad582ec4
  languageName: node
  linkType: hard

"asynckit@npm:^0.4.0":
  version: 0.4.0
  resolution: "asynckit@npm:0.4.0"
  checksum: 7b78c451df768adba04e2d02e63e2d0bf3b07adcd6e42b4cf665cb7ce899bedd344c69a1dcbce355b5f972d597b25aaa1c1742b52cffd9caccb22f348114f6be
  languageName: node
  linkType: hard

"base64-js@npm:^1.3.1":
  version: 1.5.1
  resolution: "base64-js@npm:1.5.1"
  checksum: 669632eb3745404c2f822a18fc3a0122d2f9a7a13f7fb8b5823ee19d1d2ff9ee5b52c53367176ea4ad093c332fd5ab4bd0ebae5a8e27917a4105a4cfc86b1005
  languageName: node
  linkType: hard

"bson@npm:^4.2.2, bson@npm:^4.6.0":
  version: 4.6.0
  resolution: "bson@npm:4.6.0"
  dependencies:
    buffer: ^5.6.0
  checksum: d38ca1b6c581d8667137c62258f22c0076575879c77f278c08282721844166afc0538d9fb4942976bb320a2e3dec3ddfae57b7ad52845bf7464bf997d3fdc5a2
  languageName: node
  linkType: hard

"buffer@npm:^5.6.0":
  version: 5.7.1
  resolution: "buffer@npm:5.7.1"
  dependencies:
    base64-js: ^1.3.1
    ieee754: ^1.1.13
  checksum: e2cf8429e1c4c7b8cbd30834ac09bd61da46ce35f5c22a78e6c2f04497d6d25541b16881e30a019c6fd3154150650ccee27a308eff3e26229d788bbdeb08ab84
  languageName: node
  linkType: hard

"bytes@npm:3.1.1":
  version: 3.1.1
  resolution: "bytes@npm:3.1.1"
  checksum: 949ab99a385d6acf4d2c69f1afc618615dc905936e0b0b9aa94a9e94d722baaba44d6a0851536585a0892ae4d462b5a270ccb1b04c774640742cbde5538ca328
  languageName: node
  linkType: hard

"chalk@npm:^4.1.2":
  version: 4.1.2
  resolution: "chalk@npm:4.1.2"
  dependencies:
    ansi-styles: ^4.1.0
    supports-color: ^7.1.0
  checksum: fe75c9d5c76a7a98d45495b91b2172fa3b7a09e0cc9370e5c8feb1c567b85c4288e2b3fded7cfdd7359ac28d6b3844feb8b82b8686842e93d23c827c417e83fc
  languageName: node
  linkType: hard

"color-convert@npm:^2.0.1":
  version: 2.0.1
  resolution: "color-convert@npm:2.0.1"
  dependencies:
    color-name: ~1.1.4
  checksum: 79e6bdb9fd479a205c71d89574fccfb22bd9053bd98c6c4d870d65c132e5e904e6034978e55b43d69fcaa7433af2016ee203ce76eeba9cfa554b373e7f7db336
  languageName: node
  linkType: hard

"color-name@npm:~1.1.4":
  version: 1.1.4
  resolution: "color-name@npm:1.1.4"
  checksum: b0445859521eb4021cd0fb0cc1a75cecf67fceecae89b63f62b201cca8d345baf8b952c966862a9d9a2632987d4f6581f0ec8d957dfacece86f0a7919316f610
  languageName: node
  linkType: hard

"combined-stream@npm:^1.0.8":
  version: 1.0.8
  resolution: "combined-stream@npm:1.0.8"
  dependencies:
    delayed-stream: ~1.0.0
  checksum: 49fa4aeb4916567e33ea81d088f6584749fc90c7abec76fd516bf1c5aa5c79f3584b5ba3de6b86d26ddd64bae5329c4c7479343250cfe71c75bb366eae53bb7c
  languageName: node
  linkType: hard

"debug@npm:4.x":
  version: 4.3.3
  resolution: "debug@npm:4.3.3"
  dependencies:
    ms: 2.1.2
  peerDependenciesMeta:
    supports-color:
      optional: true
  checksum: 14472d56fe4a94dbcfaa6dbed2dd3849f1d72ba78104a1a328047bb564643ca49df0224c3a17fa63533fd11dd3d4c8636cd861191232a2c6735af00cc2d4de16
  languageName: node
  linkType: hard

"delayed-stream@npm:~1.0.0":
  version: 1.0.0
  resolution: "delayed-stream@npm:1.0.0"
  checksum: 46fe6e83e2cb1d85ba50bd52803c68be9bd953282fa7096f51fc29edd5d67ff84ff753c51966061e5ba7cb5e47ef6d36a91924eddb7f3f3483b1c560f77a0020
  languageName: node
  linkType: hard

"denque@npm:^2.0.1":
  version: 2.0.1
  resolution: "denque@npm:2.0.1"
  checksum: ec398d1e3c6c8d4f5213dcf9ad74d7faa3b461e29a0019c9742b49a97ac5e16aa7134db45fa9d841e318e7722dd1ba670a474fde9a5b0d870b3a5fc6fe914c30
  languageName: node
  linkType: hard

"depd@npm:~1.1.2":
  version: 1.1.2
  resolution: "depd@npm:1.1.2"
  checksum: 6b406620d269619852885ce15965272b829df6f409724415e0002c8632ab6a8c0a08ec1f0bd2add05dc7bd7507606f7e2cc034fa24224ab829580040b835ecd9
  languageName: node
  linkType: hard

"discord-api-types@npm:^0.25.2":
  version: 0.25.2
  resolution: "discord-api-types@npm:0.25.2"
  checksum: bb80a9db706d8ae391ab5eae4536827832ffe744b69659029597aaf90d9b9ece6e9642bd44eb3f38b32a3783ad1eebce378403fc785ca5405f8b71d8d32678a5
  languageName: node
  linkType: hard

"discord-api-types@npm:^0.26.0":
  version: 0.26.1
  resolution: "discord-api-types@npm:0.26.1"
  checksum: e53bfa7589b24108e6b403dbe213da34c4592f72e2b8fde6800dcb6c703065887ecbd644e1cdf694e4c7796954bc51462ced868f26ec45dc1e0dc4fa8d3c723c
  languageName: node
  linkType: hard

"discord.js@npm:^13.4.0":
  version: 13.4.0
  resolution: "discord.js@npm:13.4.0"
  dependencies:
    "@discordjs/builders": ^0.10.0
    "@discordjs/collection": ^0.4.0
    "@sapphire/async-queue": ^1.1.9
    "@types/node-fetch": ^2.5.12
    "@types/ws": ^8.2.2
    discord-api-types: ^0.25.2
    form-data: ^4.0.0
    node-fetch: ^2.6.1
    ws: ^8.4.0
  checksum: 7063fd11cf2da009bb7430c5978c04a4685a4a1adf3098a396597afaf55b8cf36a9c15c303063f95cbf3a8fc13ad2362520b2e2cfcf1f0bd482ebbf20219c8d5
  languageName: node
  linkType: hard

"dotenv@npm:^10.0.0":
  version: 10.0.0
  resolution: "dotenv@npm:10.0.0"
  checksum: f412c5fe8c24fbe313d302d2500e247ba8a1946492db405a4de4d30dd0eb186a88a43f13c958c5a7de303938949c4231c56994f97d05c4bc1f22478d631b4005
  languageName: node
  linkType: hard

"form-data@npm:^3.0.0":
  version: 3.0.1
  resolution: "form-data@npm:3.0.1"
  dependencies:
    asynckit: ^0.4.0
    combined-stream: ^1.0.8
    mime-types: ^2.1.12
  checksum: b019e8d35c8afc14a2bd8a7a92fa4f525a4726b6d5a9740e8d2623c30e308fbb58dc8469f90415a856698933c8479b01646a9dff33c87cc4e76d72aedbbf860d
  languageName: node
  linkType: hard

"form-data@npm:^4.0.0":
  version: 4.0.0
  resolution: "form-data@npm:4.0.0"
  dependencies:
    asynckit: ^0.4.0
    combined-stream: ^1.0.8
    mime-types: ^2.1.12
  checksum: 01135bf8675f9d5c61ff18e2e2932f719ca4de964e3be90ef4c36aacfc7b9cb2fceb5eca0b7e0190e3383fe51c5b37f4cb80b62ca06a99aaabfcfd6ac7c9328c
  languageName: node
  linkType: hard

"has-flag@npm:^4.0.0":
  version: 4.0.0
  resolution: "has-flag@npm:4.0.0"
  checksum: 261a1357037ead75e338156b1f9452c016a37dcd3283a972a30d9e4a87441ba372c8b81f818cd0fbcd9c0354b4ae7e18b9e1afa1971164aef6d18c2b6095a8ad
  languageName: node
  linkType: hard

"http-errors@npm:1.8.1":
  version: 1.8.1
  resolution: "http-errors@npm:1.8.1"
  dependencies:
    depd: ~1.1.2
    inherits: 2.0.4
    setprototypeof: 1.2.0
    statuses: ">= 1.5.0 < 2"
    toidentifier: 1.0.1
  checksum: d3c7e7e776fd51c0a812baff570bdf06fe49a5dc448b700ab6171b1250e4cf7db8b8f4c0b133e4bfe2451022a5790c1ca6c2cae4094dedd6ac8304a1267f91d2
  languageName: node
  linkType: hard

"iconv-lite@npm:0.4.24":
  version: 0.4.24
  resolution: "iconv-lite@npm:0.4.24"
  dependencies:
    safer-buffer: ">= 2.1.2 < 3"
  checksum: bd9f120f5a5b306f0bc0b9ae1edeb1577161503f5f8252a20f1a9e56ef8775c9959fd01c55f2d3a39d9a8abaf3e30c1abeb1895f367dcbbe0a8fd1c9ca01c4f6
  languageName: node
  linkType: hard

"ieee754@npm:^1.1.13":
  version: 1.2.1
  resolution: "ieee754@npm:1.2.1"
  checksum: 5144c0c9815e54ada181d80a0b810221a253562422e7c6c3a60b1901154184f49326ec239d618c416c1c5945a2e197107aee8d986a3dd836b53dffefd99b5e7e
  languageName: node
  linkType: hard

"inherits@npm:2.0.4":
  version: 2.0.4
  resolution: "inherits@npm:2.0.4"
  checksum: 4a48a733847879d6cf6691860a6b1e3f0f4754176e4d71494c41f3475553768b10f84b5ce1d40fbd0e34e6bfbb864ee35858ad4dd2cf31e02fc4a154b724d7f1
  languageName: node
  linkType: hard

"kareem@npm:2.3.2":
  version: 2.3.2
  resolution: "kareem@npm:2.3.2"
  checksum: 61ee3adb273e3e999eae731119bd74e40fd01ffef585b4e47756ca29dfc939a03c6a1dd8a43f2a864e599c3716e00404d1812e685b32ec7f9c52d6cedf2f2fcb
  languageName: node
  linkType: hard

"lazer-new@workspace:.":
  version: 0.0.0-use.local
  resolution: "lazer-new@workspace:."
  dependencies:
    "@discordjs/builders": ^0.11.0
    "@discordjs/rest": ^0.2.0-canary.0
    "@top-gg/sdk": ^3.1.3
    chalk: ^4.1.2
    discord-api-types: ^0.25.2
    discord.js: ^13.4.0
    dotenv: ^10.0.0
    mongoose: ^6.1.3
    topgg-autoposter: ^2.0.1
  languageName: unknown
  linkType: soft

"memory-pager@npm:^1.0.2":
  version: 1.5.0
  resolution: "memory-pager@npm:1.5.0"
  checksum: d1a2e684583ef55c61cd3a49101da645b11ad57014dfc565e0b43baa9004b743f7e4ab81493d8fff2ab24e9950987cc3209c94bcc4fc8d7e30a475489a1f15e9
  languageName: node
  linkType: hard

"mime-db@npm:1.50.0":
  version: 1.50.0
  resolution: "mime-db@npm:1.50.0"
  checksum: 95fcc19c3664ae72391c8a7e4015dde7fb6817c98c951493ca3a1d48050feb8ee08810a372ce7d9e16310042d26e5bda168916f600583a9a583655eeea8ff5f5
  languageName: node
  linkType: hard

"mime-types@npm:^2.1.12":
  version: 2.1.33
  resolution: "mime-types@npm:2.1.33"
  dependencies:
    mime-db: 1.50.0
  checksum: 05f2a0b3f169fbc51d79bdc7674ceb379dd07dbeadb0143059a7def865224686ee9f9051aeb340e98b6c11dbc06794ce0122181db4312cb1ad054fd90b0d510e
  languageName: node
  linkType: hard

"mongodb-connection-string-url@npm:^2.3.2":
  version: 2.4.1
  resolution: "mongodb-connection-string-url@npm:2.4.1"
  dependencies:
    "@types/whatwg-url": ^8.2.1
    whatwg-url: ^11.0.0
  checksum: 119c908ab543f75cf80e2b29b1034071d85d8c59a93515125b10bf97b428a1c051a1dc011388961fcc733fc48972a375d70d5a8e7faa0ac7c5ab701aff7678bd
  languageName: node
  linkType: hard

"mongodb@npm:4.2.2":
  version: 4.2.2
  resolution: "mongodb@npm:4.2.2"
  dependencies:
    bson: ^4.6.0
    denque: ^2.0.1
    mongodb-connection-string-url: ^2.3.2
    saslprep: ^1.0.3
  dependenciesMeta:
    saslprep:
      optional: true
  checksum: 645cc8889ee093c0d6479638aa4f5b3e587b84be5179a35993f0796fda6b25d22c4b6f7d5f27b4d23c3aacb694db2ff696ea0a5080ddc745508ffff95131f3b5
  languageName: node
  linkType: hard

"mongoose@npm:^6.1.3":
  version: 6.1.3
  resolution: "mongoose@npm:6.1.3"
  dependencies:
    bson: ^4.2.2
    kareem: 2.3.2
    mongodb: 4.2.2
    mpath: 0.8.4
    mquery: 4.0.0
    ms: 2.1.2
    regexp-clone: 1.0.0
    sift: 13.5.2
    sliced: 1.0.1
  checksum: 9683d1c801aa9a95c3c476c29c1dffd925ba4c368413de529412113ecfd7186b673ea93e9fd383de0bafb4c97f97f91fd5f4fefd8149c61954764769b6eba1bc
  languageName: node
  linkType: hard

"mpath@npm:0.8.4":
  version: 0.8.4
  resolution: "mpath@npm:0.8.4"
  checksum: 06ad1d443766626fa361b67a4eca9cd4c36a71e475e92e8a5c242dbbc9a911adac00ce971177843b48475356df609f847342548da7701a976a2ab4116135caf0
  languageName: node
  linkType: hard

"mquery@npm:4.0.0":
  version: 4.0.0
  resolution: "mquery@npm:4.0.0"
  dependencies:
    debug: 4.x
    regexp-clone: ^1.0.0
    sliced: 1.0.1
  checksum: bfa776dfe67bb821a8199e02c01e51ca53020c552f3a7a137520e2ce3283b62ba05b50322d173d46f0e04b5eab0e2bdb5003e61019680e267c4776fe866b6306
  languageName: node
  linkType: hard

"ms@npm:2.1.2":
  version: 2.1.2
  resolution: "ms@npm:2.1.2"
  checksum: 673cdb2c3133eb050c745908d8ce632ed2c02d85640e2edb3ace856a2266a813b30c613569bf3354fdf4ea7d1a1494add3bfa95e2713baa27d0c2c71fc44f58f
  languageName: node
  linkType: hard

"node-fetch@npm:^2.6.1, node-fetch@npm:^2.6.5":
  version: 2.6.6
  resolution: "node-fetch@npm:2.6.6"
  dependencies:
    whatwg-url: ^5.0.0
  checksum: ee8290626bdb73629c59722b75dcf4b9b6a67c1ed7eb9102e368479c4a13b56a48c2bb3ad71571e378e98c8b2c64c820e11f9cd39e4b8557dd138ad571ef9a42
  languageName: node
  linkType: hard

"punycode@npm:^2.1.1":
  version: 2.1.1
  resolution: "punycode@npm:2.1.1"
  checksum: 823bf443c6dd14f669984dea25757b37993f67e8d94698996064035edd43bed8a5a17a9f12e439c2b35df1078c6bec05a6c86e336209eb1061e8025c481168e8
  languageName: node
  linkType: hard

"raw-body@npm:^2.4.1":
  version: 2.4.2
  resolution: "raw-body@npm:2.4.2"
  dependencies:
    bytes: 3.1.1
    http-errors: 1.8.1
    iconv-lite: 0.4.24
    unpipe: 1.0.0
  checksum: c6f8d6a75c65c0a047f888cb29efc97f60fb36e950ba2cb31fefce694f98186e844a03367920faa7dc5bffaf33df08aee0b9dd935280e366439fa6492a5b163e
  languageName: node
  linkType: hard

"regexp-clone@npm:1.0.0, regexp-clone@npm:^1.0.0":
  version: 1.0.0
  resolution: "regexp-clone@npm:1.0.0"
  checksum: ca4960bbdc4237c84813b12aed351606be7db60a8c8867ef46b44f00eec4e83f51b31de34e294900517db9d7a39636117af80916f6ce7dc45ea00cae3c6d6fc3
  languageName: node
  linkType: hard

"safer-buffer@npm:>= 2.1.2 < 3":
  version: 2.1.2
  resolution: "safer-buffer@npm:2.1.2"
  checksum: cab8f25ae6f1434abee8d80023d7e72b598cf1327164ddab31003c51215526801e40b66c5e65d658a0af1e9d6478cadcb4c745f4bd6751f97d8644786c0978b0
  languageName: node
  linkType: hard

"saslprep@npm:^1.0.3":
  version: 1.0.3
  resolution: "saslprep@npm:1.0.3"
  dependencies:
    sparse-bitfield: ^3.0.3
  checksum: 4fdc0b70fb5e523f977de405e12cca111f1f10dd68a0cfae0ca52c1a7919a94d1556598ba2d35f447655c3b32879846c77f9274c90806f6673248ae3cea6ee43
  languageName: node
  linkType: hard

"setprototypeof@npm:1.2.0":
  version: 1.2.0
  resolution: "setprototypeof@npm:1.2.0"
  checksum: be18cbbf70e7d8097c97f713a2e76edf84e87299b40d085c6bf8b65314e994cc15e2e317727342fa6996e38e1f52c59720b53fe621e2eb593a6847bf0356db89
  languageName: node
  linkType: hard

"sift@npm:13.5.2":
  version: 13.5.2
  resolution: "sift@npm:13.5.2"
  checksum: 31951836c464b995b25f888876dea9c58c7a3eaa419d2ed271776d55db2d1019c6438ee458047d3c16bc93f0a329366dc535dc3a6afc42038949dc2a6a548f61
  languageName: node
  linkType: hard

"sliced@npm:1.0.1":
  version: 1.0.1
  resolution: "sliced@npm:1.0.1"
  checksum: 84528d23279985ead75809eeec5d601b0fb6bc28348c6627f4feb40747533a1e36a75e8bc60f9079528079b21c434890b397e8fc5c24a649165cc0bbe90b4d70
  languageName: node
  linkType: hard

"sparse-bitfield@npm:^3.0.3":
  version: 3.0.3
  resolution: "sparse-bitfield@npm:3.0.3"
  dependencies:
    memory-pager: ^1.0.2
  checksum: 174da88dbbcc783d5dbd26921931cc83830280b8055fb05333786ebe6fc015b9601b24972b3d55920dd2d9f5fb120576fbfa2469b08e5222c9cadf3f05210aab
  languageName: node
  linkType: hard

"statuses@npm:>= 1.5.0 < 2":
  version: 1.5.0
  resolution: "statuses@npm:1.5.0"
  checksum: c469b9519de16a4bb19600205cffb39ee471a5f17b82589757ca7bd40a8d92ebb6ed9f98b5a540c5d302ccbc78f15dc03cc0280dd6e00df1335568a5d5758a5c
  languageName: node
  linkType: hard

"supports-color@npm:^7.1.0":
  version: 7.2.0
  resolution: "supports-color@npm:7.2.0"
  dependencies:
    has-flag: ^4.0.0
  checksum: 3dda818de06ebbe5b9653e07842d9479f3555ebc77e9a0280caf5a14fb877ffee9ed57007c3b78f5a6324b8dbeec648d9e97a24e2ed9fdb81ddc69ea07100f4a
  languageName: node
  linkType: hard

"toidentifier@npm:1.0.1":
  version: 1.0.1
  resolution: "toidentifier@npm:1.0.1"
  checksum: 952c29e2a85d7123239b5cfdd889a0dde47ab0497f0913d70588f19c53f7e0b5327c95f4651e413c74b785147f9637b17410ac8c846d5d4a20a5a33eb6dc3a45
  languageName: node
  linkType: hard

"topgg-autoposter@npm:^2.0.1":
  version: 2.0.1
  resolution: "topgg-autoposter@npm:2.0.1"
  dependencies:
    "@jpbberry/typed-emitter": ^1.0.1
    "@top-gg/sdk": ^3.1.3
    typescript: ^4.2.3
  checksum: 4220cceef99671d8e759146a9dc2e153762c4d10f0cb26fb13081c1ed22e735903a28d8fd0042081a3b20c224afe660cdc49e1774ea20cb8f8d8e02717e85e52
  languageName: node
  linkType: hard

"tr46@npm:^3.0.0":
  version: 3.0.0
  resolution: "tr46@npm:3.0.0"
  dependencies:
    punycode: ^2.1.1
  checksum: 44c3cc6767fb800490e6e9fd64fd49041aa4e49e1f6a012b34a75de739cc9ed3a6405296072c1df8b6389ae139c5e7c6496f659cfe13a04a4bff3a1422981270
  languageName: node
  linkType: hard

"tr46@npm:~0.0.3":
  version: 0.0.3
  resolution: "tr46@npm:0.0.3"
  checksum: 726321c5eaf41b5002e17ffbd1fb7245999a073e8979085dacd47c4b4e8068ff5777142fc6726d6ca1fd2ff16921b48788b87225cbc57c72636f6efa8efbffe3
  languageName: node
  linkType: hard

"ts-mixer@npm:^6.0.0":
  version: 6.0.0
  resolution: "ts-mixer@npm:6.0.0"
  checksum: 791a513c9ca318a979928f5265fd6029858fa21595153a9386063c11239a6b1c352db1e277c19f0544d017a67cf78d120a7438b86b2c828b1115eb607538eff8
  languageName: node
  linkType: hard

"tslib@npm:^2.3.1":
  version: 2.3.1
  resolution: "tslib@npm:2.3.1"
  checksum: de17a98d4614481f7fcb5cd53ffc1aaf8654313be0291e1bfaee4b4bb31a20494b7d218ff2e15017883e8ea9626599b3b0e0229c18383ba9dce89da2adf15cb9
  languageName: node
  linkType: hard

typescript@^4.2.3:
  version: 4.5.4
  resolution: "typescript@npm:4.5.4"
  bin:
    tsc: bin/tsc
    tsserver: bin/tsserver
  checksum: 59f3243f9cd6fe3161e6150ff6bf795fc843b4234a655dbd938a310515e0d61afd1ac942799e7415e4334255e41c2c49b7dd5d9fd38a17acd25a6779ca7e0961
  languageName: node
  linkType: hard

"typescript@patch:typescript@^4.2.3#~builtin<compat/typescript>":
  version: 4.5.4
  resolution: "typescript@patch:typescript@npm%3A4.5.4#~builtin<compat/typescript>::version=4.5.4&hash=32657b"
  bin:
    tsc: bin/tsc
    tsserver: bin/tsserver
  checksum: db7fe40618f600c22a17db25bd727acbef509d8a4bd9a514f1b8c146f3cf9dd79478c5a8cd13c48a60d1ee4463319d9f72b6445f9e445f81bce6192d205d1811
  languageName: node
  linkType: hard

"unpipe@npm:1.0.0":
  version: 1.0.0
  resolution: "unpipe@npm:1.0.0"
  checksum: 4fa18d8d8d977c55cb09715385c203197105e10a6d220087ec819f50cb68870f02942244f1017565484237f1f8c5d3cd413631b1ae104d3096f24fdfde1b4aa2
  languageName: node
  linkType: hard

"webidl-conversions@npm:^3.0.0":
  version: 3.0.1
  resolution: "webidl-conversions@npm:3.0.1"
  checksum: c92a0a6ab95314bde9c32e1d0a6dfac83b578f8fa5f21e675bc2706ed6981bc26b7eb7e6a1fab158e5ce4adf9caa4a0aee49a52505d4d13c7be545f15021b17c
  languageName: node
  linkType: hard

"webidl-conversions@npm:^7.0.0":
  version: 7.0.0
  resolution: "webidl-conversions@npm:7.0.0"
  checksum: f05588567a2a76428515333eff87200fae6c83c3948a7482ebb109562971e77ef6dc49749afa58abb993391227c5697b3ecca52018793e0cb4620a48f10bd21b
  languageName: node
  linkType: hard

"whatwg-url@npm:^11.0.0":
  version: 11.0.0
  resolution: "whatwg-url@npm:11.0.0"
  dependencies:
    tr46: ^3.0.0
    webidl-conversions: ^7.0.0
  checksum: ed4826aaa57e66bb3488a4b25c9cd476c46ba96052747388b5801f137dd740b73fde91ad207d96baf9f17fbcc80fc1a477ad65181b5eb5fa718d27c69501d7af
  languageName: node
  linkType: hard

"whatwg-url@npm:^5.0.0":
  version: 5.0.0
  resolution: "whatwg-url@npm:5.0.0"
  dependencies:
    tr46: ~0.0.3
    webidl-conversions: ^3.0.0
  checksum: b8daed4ad3356cc4899048a15b2c143a9aed0dfae1f611ebd55073310c7b910f522ad75d727346ad64203d7e6c79ef25eafd465f4d12775ca44b90fa82ed9e2c
  languageName: node
  linkType: hard

"ws@npm:^8.4.0":
  version: 8.4.0
  resolution: "ws@npm:8.4.0"
  peerDependencies:
    bufferutil: ^4.0.1
    utf-8-validate: ^5.0.2
  peerDependenciesMeta:
    bufferutil:
      optional: true
    utf-8-validate:
      optional: true
  checksum: 5e37ccf0ecb8d8019d88b07af079e8f74248b688ad3109ab57cd5e1c9a7392545f572914d0c27f25e8b83a6cfc09a89ac151c556ff4fae26d6f824077e4f8239
  languageName: node
  linkType: hard

"zod@npm:^3.11.6":
  version: 3.11.6
  resolution: "zod@npm:3.11.6"
  checksum: 044ac416450f179a0c88240f27849d2886c777cebade42df10e5f04125b0265cec82d9bd741a7dcb11796b2ea88b32c86be7d36932a4bed6af57002560359db1
  languageName: node
  linkType: hard
