# This file is generated by running "yarn install" inside your project.
# Manual changes might be lost - proceed with caution!

__metadata:
  version: 4
  cacheKey: 8

"@discordjs/builders@npm:^0.10.0":
  version: 0.10.0
  resolution: "@discordjs/builders@npm:0.10.0"
  dependencies:
    "@sindresorhus/is": ^4.2.0
    discord-api-types: ^0.25.2
    ts-mixer: ^6.0.0
    tslib: ^2.3.1
    zod: ^3.11.6
  checksum: 8195f519f28587dee05d9b975c19357c40623d17dc4ced01db11d24faab16969743c40d7cfb959ccb78ffb525c6d03f4f9c821dd712fef57bdd609b53add8727
  languageName: node
  linkType: hard

"@discordjs/builders@npm:^0.9.0":
  version: 0.9.0
  resolution: "@discordjs/builders@npm:0.9.0"
  dependencies:
    "@sindresorhus/is": ^4.2.0
    discord-api-types: ^0.24.0
    ts-mixer: ^6.0.0
    tslib: ^2.3.1
    zod: ^3.11.6
  checksum: 75278bd4cb2ba09a83e9d308d357e6550fc55af77d7b95d1749ba351d97df80af840144f14f849aa2910966f26a85fcde2271bc1ff5342bbb8ffabe76dd2640c
  languageName: node
  linkType: hard

"@discordjs/collection@npm:^0.3.2":
  version: 0.3.2
  resolution: "@discordjs/collection@npm:0.3.2"
  checksum: 77def13598fce0f33cdd1e45e0e57b4452a1fa348e30d7d3a3b5a56409def4c4785462828b163aea83d659b93412d5dc18c22c85eff499dfc11c24011e8b18e6
  languageName: node
  linkType: hard

"@discordjs/collection@npm:^0.4.0":
  version: 0.4.0
  resolution: "@discordjs/collection@npm:0.4.0"
  checksum: fa8fc4246921f3230eb6c5d6d4dc0caf9dd659fcc903175944edf4fb0a9ed9913fdf164733d3f1e644ef469bc79b0d38a526ee620b92169cb40e79b40b0c716b
  languageName: node
  linkType: hard

"@discordjs/rest@npm:^0.2.0-canary.0":
  version: 0.2.0-canary.0
  resolution: "@discordjs/rest@npm:0.2.0-canary.0"
  dependencies:
    "@discordjs/collection": ^0.3.2
    "@sapphire/async-queue": ^1.1.9
    "@sapphire/snowflake": ^3.0.0
    discord-api-types: ^0.25.2
    form-data: ^4.0.0
    node-fetch: ^2.6.5
    tslib: ^2.3.1
  checksum: 915c0e61b225c887519091629b92adebeb74ce6f675c60f7e37df1be0815d037643def215ddc6a8549d31e908fbe1d6b200f51e4b2da0d8c9447003fd1c6ced3
  languageName: node
  linkType: hard

"@sapphire/async-queue@npm:^1.1.9":
  version: 1.1.9
  resolution: "@sapphire/async-queue@npm:1.1.9"
  checksum: 8a4cb79e01948ee9f99f47e9fdfdfd509353d267f9e18bb8fe8e813b5d45f1fb6de08297b4557eb9a76b95bea59abaab67819175238068cc4cbc808d1d183e9d
  languageName: node
  linkType: hard

"@sapphire/snowflake@npm:^3.0.0":
  version: 3.0.0
  resolution: "@sapphire/snowflake@npm:3.0.0"
  checksum: 1b5aa886f2f4372984f7b04b4fc5c14b9088dc291a5012a9e9f97d46dd590d4a6fa080e15d58d42aa7dc4ec51ed6bcaadac925f4613d8070d4fc32c7dc874115
  languageName: node
  linkType: hard

"@sindresorhus/is@npm:^4.2.0":
  version: 4.2.0
  resolution: "@sindresorhus/is@npm:4.2.0"
  checksum: 59040dfb75c2eb6ab76e8c7ac10b7f7f6ba740f0b5ac618a89a8bcdbaf923836a8e998078d59d81f6f13f4b6bbe15bfe1bca962c877edcbe9160d1c100c56fd7
  languageName: node
  linkType: hard

"@types/node-fetch@npm:^2.5.12":
  version: 2.5.12
  resolution: "@types/node-fetch@npm:2.5.12"
  dependencies:
    "@types/node": "*"
    form-data: ^3.0.0
  checksum: ad63c85ba6a9477b8e057ec8682257738130d98e8ece4e31141789bd99df9d9147985cc8bc0cb5c8983ed5aa6bb95d46df23d1e055f4ad5cf8b82fc69cf626c7
  languageName: node
  linkType: hard

"@types/node@npm:*":
  version: 17.0.4
  resolution: "@types/node@npm:17.0.4"
  checksum: 92e6a25fea2314cd34e81962bd07c8b79b92cae04d84a0336a8c49a2b8aa4c34ff8cb428baeac2022daf597809bd3b7987c624b07a91c4d01b6230f82c293190
  languageName: node
  linkType: hard

"@types/ws@npm:^8.2.2":
  version: 8.2.2
  resolution: "@types/ws@npm:8.2.2"
  dependencies:
    "@types/node": "*"
  checksum: 308957864b9a5a0378ac82f1b084fa31b1bbe85106fb0d84ed2b392e4829404f21ab6ab2c1eb782d556e59cd33d57c75ad2d0cedc4b9b9d0ca3b2311bc915578
  languageName: node
  linkType: hard

"ansi-styles@npm:^4.1.0":
  version: 4.3.0
  resolution: "ansi-styles@npm:4.3.0"
  dependencies:
    color-convert: ^2.0.1
  checksum: 513b44c3b2105dd14cc42a19271e80f386466c4be574bccf60b627432f9198571ebf4ab1e4c3ba17347658f4ee1711c163d574248c0c1cdc2d5917a0ad582ec4
  languageName: node
  linkType: hard

"asynckit@npm:^0.4.0":
  version: 0.4.0
  resolution: "asynckit@npm:0.4.0"
  checksum: 7b78c451df768adba04e2d02e63e2d0bf3b07adcd6e42b4cf665cb7ce899bedd344c69a1dcbce355b5f972d597b25aaa1c1742b52cffd9caccb22f348114f6be
  languageName: node
  linkType: hard

"chalk@npm:^4.1.2":
  version: 4.1.2
  resolution: "chalk@npm:4.1.2"
  dependencies:
    ansi-styles: ^4.1.0
    supports-color: ^7.1.0
  checksum: fe75c9d5c76a7a98d45495b91b2172fa3b7a09e0cc9370e5c8feb1c567b85c4288e2b3fded7cfdd7359ac28d6b3844feb8b82b8686842e93d23c827c417e83fc
  languageName: node
  linkType: hard

"color-convert@npm:^2.0.1":
  version: 2.0.1
  resolution: "color-convert@npm:2.0.1"
  dependencies:
    color-name: ~1.1.4
  checksum: 79e6bdb9fd479a205c71d89574fccfb22bd9053bd98c6c4d870d65c132e5e904e6034978e55b43d69fcaa7433af2016ee203ce76eeba9cfa554b373e7f7db336
  languageName: node
  linkType: hard

"color-name@npm:~1.1.4":
  version: 1.1.4
  resolution: "color-name@npm:1.1.4"
  checksum: b0445859521eb4021cd0fb0cc1a75cecf67fceecae89b63f62b201cca8d345baf8b952c966862a9d9a2632987d4f6581f0ec8d957dfacece86f0a7919316f610
  languageName: node
  linkType: hard

"combined-stream@npm:^1.0.8":
  version: 1.0.8
  resolution: "combined-stream@npm:1.0.8"
  dependencies:
    delayed-stream: ~1.0.0
  checksum: 49fa4aeb4916567e33ea81d088f6584749fc90c7abec76fd516bf1c5aa5c79f3584b5ba3de6b86d26ddd64bae5329c4c7479343250cfe71c75bb366eae53bb7c
  languageName: node
  linkType: hard

"delayed-stream@npm:~1.0.0":
  version: 1.0.0
  resolution: "delayed-stream@npm:1.0.0"
  checksum: 46fe6e83e2cb1d85ba50bd52803c68be9bd953282fa7096f51fc29edd5d67ff84ff753c51966061e5ba7cb5e47ef6d36a91924eddb7f3f3483b1c560f77a0020
  languageName: node
  linkType: hard

"discord-api-types@npm:^0.24.0":
  version: 0.24.0
  resolution: "discord-api-types@npm:0.24.0"
  checksum: b1a17cb3be4ade974193cedb92fb37e51ba8f1832dfe3ec0d188ba41f255f3dab8359c9d618d32469f1e648126258f9d6ed8828dc1cb50b74d9fd9d875f3390a
  languageName: node
  linkType: hard

"discord-api-types@npm:^0.25.2":
  version: 0.25.2
  resolution: "discord-api-types@npm:0.25.2"
  checksum: bb80a9db706d8ae391ab5eae4536827832ffe744b69659029597aaf90d9b9ece6e9642bd44eb3f38b32a3783ad1eebce378403fc785ca5405f8b71d8d32678a5
  languageName: node
  linkType: hard

"discord.js@npm:^13.4.0":
  version: 13.4.0
  resolution: "discord.js@npm:13.4.0"
  dependencies:
    "@discordjs/builders": ^0.10.0
    "@discordjs/collection": ^0.4.0
    "@sapphire/async-queue": ^1.1.9
    "@types/node-fetch": ^2.5.12
    "@types/ws": ^8.2.2
    discord-api-types: ^0.25.2
    form-data: ^4.0.0
    node-fetch: ^2.6.1
    ws: ^8.4.0
  checksum: 7063fd11cf2da009bb7430c5978c04a4685a4a1adf3098a396597afaf55b8cf36a9c15c303063f95cbf3a8fc13ad2362520b2e2cfcf1f0bd482ebbf20219c8d5
  languageName: node
  linkType: hard

"dotenv@npm:^10.0.0":
  version: 10.0.0
  resolution: "dotenv@npm:10.0.0"
  checksum: f412c5fe8c24fbe313d302d2500e247ba8a1946492db405a4de4d30dd0eb186a88a43f13c958c5a7de303938949c4231c56994f97d05c4bc1f22478d631b4005
  languageName: node
  linkType: hard

"form-data@npm:^3.0.0":
  version: 3.0.1
  resolution: "form-data@npm:3.0.1"
  dependencies:
    asynckit: ^0.4.0
    combined-stream: ^1.0.8
    mime-types: ^2.1.12
  checksum: b019e8d35c8afc14a2bd8a7a92fa4f525a4726b6d5a9740e8d2623c30e308fbb58dc8469f90415a856698933c8479b01646a9dff33c87cc4e76d72aedbbf860d
  languageName: node
  linkType: hard

"form-data@npm:^4.0.0":
  version: 4.0.0
  resolution: "form-data@npm:4.0.0"
  dependencies:
    asynckit: ^0.4.0
    combined-stream: ^1.0.8
    mime-types: ^2.1.12
  checksum: 01135bf8675f9d5c61ff18e2e2932f719ca4de964e3be90ef4c36aacfc7b9cb2fceb5eca0b7e0190e3383fe51c5b37f4cb80b62ca06a99aaabfcfd6ac7c9328c
  languageName: node
  linkType: hard

"has-flag@npm:^4.0.0":
  version: 4.0.0
  resolution: "has-flag@npm:4.0.0"
  checksum: 261a1357037ead75e338156b1f9452c016a37dcd3283a972a30d9e4a87441ba372c8b81f818cd0fbcd9c0354b4ae7e18b9e1afa1971164aef6d18c2b6095a8ad
  languageName: node
  linkType: hard

"lazer-new@workspace:.":
  version: 0.0.0-use.local
  resolution: "lazer-new@workspace:."
  dependencies:
    "@discordjs/builders": ^0.9.0
    "@discordjs/rest": ^0.2.0-canary.0
    chalk: ^4.1.2
    discord-api-types: ^0.25.2
    discord.js: ^13.4.0
    dotenv: ^10.0.0
  languageName: unknown
  linkType: soft

"mime-db@npm:1.50.0":
  version: 1.50.0
  resolution: "mime-db@npm:1.50.0"
  checksum: 95fcc19c3664ae72391c8a7e4015dde7fb6817c98c951493ca3a1d48050feb8ee08810a372ce7d9e16310042d26e5bda168916f600583a9a583655eeea8ff5f5
  languageName: node
  linkType: hard

"mime-types@npm:^2.1.12":
  version: 2.1.33
  resolution: "mime-types@npm:2.1.33"
  dependencies:
    mime-db: 1.50.0
  checksum: 05f2a0b3f169fbc51d79bdc7674ceb379dd07dbeadb0143059a7def865224686ee9f9051aeb340e98b6c11dbc06794ce0122181db4312cb1ad054fd90b0d510e
  languageName: node
  linkType: hard

"node-fetch@npm:^2.6.1, node-fetch@npm:^2.6.5":
  version: 2.6.6
  resolution: "node-fetch@npm:2.6.6"
  dependencies:
    whatwg-url: ^5.0.0
  checksum: ee8290626bdb73629c59722b75dcf4b9b6a67c1ed7eb9102e368479c4a13b56a48c2bb3ad71571e378e98c8b2c64c820e11f9cd39e4b8557dd138ad571ef9a42
  languageName: node
  linkType: hard

"supports-color@npm:^7.1.0":
  version: 7.2.0
  resolution: "supports-color@npm:7.2.0"
  dependencies:
    has-flag: ^4.0.0
  checksum: 3dda818de06ebbe5b9653e07842d9479f3555ebc77e9a0280caf5a14fb877ffee9ed57007c3b78f5a6324b8dbeec648d9e97a24e2ed9fdb81ddc69ea07100f4a
  languageName: node
  linkType: hard

"tr46@npm:~0.0.3":
  version: 0.0.3
  resolution: "tr46@npm:0.0.3"
  checksum: 726321c5eaf41b5002e17ffbd1fb7245999a073e8979085dacd47c4b4e8068ff5777142fc6726d6ca1fd2ff16921b48788b87225cbc57c72636f6efa8efbffe3
  languageName: node
  linkType: hard

"ts-mixer@npm:^6.0.0":
  version: 6.0.0
  resolution: "ts-mixer@npm:6.0.0"
  checksum: 791a513c9ca318a979928f5265fd6029858fa21595153a9386063c11239a6b1c352db1e277c19f0544d017a67cf78d120a7438b86b2c828b1115eb607538eff8
  languageName: node
  linkType: hard

"tslib@npm:^2.3.1":
  version: 2.3.1
  resolution: "tslib@npm:2.3.1"
  checksum: de17a98d4614481f7fcb5cd53ffc1aaf8654313be0291e1bfaee4b4bb31a20494b7d218ff2e15017883e8ea9626599b3b0e0229c18383ba9dce89da2adf15cb9
  languageName: node
  linkType: hard

"webidl-conversions@npm:^3.0.0":
  version: 3.0.1
  resolution: "webidl-conversions@npm:3.0.1"
  checksum: c92a0a6ab95314bde9c32e1d0a6dfac83b578f8fa5f21e675bc2706ed6981bc26b7eb7e6a1fab158e5ce4adf9caa4a0aee49a52505d4d13c7be545f15021b17c
  languageName: node
  linkType: hard

"whatwg-url@npm:^5.0.0":
  version: 5.0.0
  resolution: "whatwg-url@npm:5.0.0"
  dependencies:
    tr46: ~0.0.3
    webidl-conversions: ^3.0.0
  checksum: b8daed4ad3356cc4899048a15b2c143a9aed0dfae1f611ebd55073310c7b910f522ad75d727346ad64203d7e6c79ef25eafd465f4d12775ca44b90fa82ed9e2c
  languageName: node
  linkType: hard

"ws@npm:^8.4.0":
  version: 8.4.0
  resolution: "ws@npm:8.4.0"
  peerDependencies:
    bufferutil: ^4.0.1
    utf-8-validate: ^5.0.2
  peerDependenciesMeta:
    bufferutil:
      optional: true
    utf-8-validate:
      optional: true
  checksum: 5e37ccf0ecb8d8019d88b07af079e8f74248b688ad3109ab57cd5e1c9a7392545f572914d0c27f25e8b83a6cfc09a89ac151c556ff4fae26d6f824077e4f8239
  languageName: node
  linkType: hard

"zod@npm:^3.11.6":
  version: 3.11.6
  resolution: "zod@npm:3.11.6"
  checksum: 044ac416450f179a0c88240f27849d2886c777cebade42df10e5f04125b0265cec82d9bd741a7dcb11796b2ea88b32c86be7d36932a4bed6af57002560359db1
  languageName: node
  linkType: hard
